
Microsoft Visual Studio Solution File, Format Version 12.00
# Visual Studio Version 16
VisualStudioVersion = 16.0.29418.71
MinimumVisualStudioVersion = 10.0.40219.1
Project("{2150E333-8FDC-42A3-9474-1A3956D46DE8}") = "Common", "Common", "{5B164F64-273F-424C-B5D5-01B91612B980}"
EndProject
Project("{2150E333-8FDC-42A3-9474-1A3956D46DE8}") = "Core", "Core", "{AF1EBDF1-C653-4143-B361-6DED7D23DA18}"
EndProject
Project("{2150E333-8FDC-42A3-9474-1A3956D46DE8}") = "Infrastructure", "Infrastructure", "{7D44A4C5-DCCD-44F9-969F-6BAEA7932CDA}"
EndProject
Project("{2150E333-8FDC-42A3-9474-1A3956D46DE8}") = "Presentation", "Presentation", "{7DED823F-E9EE-42B0-BC55-355D68B944F0}"
EndProject
Project("{2150E333-8FDC-42A3-9474-1A3956D46DE8}") = "Tests", "Tests", "{3248BF1E-5EA5-4C3E-8C22-158F15785555}"
EndProject
Project("{9A19103F-16F7-4668-BE54-9A1E7A4F7556}") = "Application.WebApp", "Presentation\Application.WebApp\Application.WebApp.csproj", "{3933FF7B-E1E5-47A1-BE14-E905A9D7370B}"
EndProject
Project("{9A19103F-16F7-4668-BE54-9A1E7A4F7556}") = "Application.Common", "Common\Application.Common\Application.Common.csproj", "{52F22596-6A79-4625-88AF-6ECA28F9D8CA}"
EndProject
Project("{9A19103F-16F7-4668-BE54-9A1E7A4F7556}") = "Application.Application", "Core\Application.Application\Application.Application.csproj", "{6130A5CD-66F3-4B2E-AA73-FCED5A8BA8A3}"
EndProject
Project("{FAE04EC0-301F-11D3-BF4B-00C04F79EFBC}") = "Application.Domain", "Core\Application.Domain\Application.Domain.csproj", "{55E280A7-E67A-40D8-8D4C-5298B1C0F352}"
EndProject
Project("{FAE04EC0-301F-11D3-BF4B-00C04F79EFBC}") = "Application.Persistence", "Infrastructure\Application.Persistence\Application.Persistence.csproj", "{B4533C17-C149-409C-B7A0-11A4E4CF04B2}"
EndProject
Project("{FAE04EC0-301F-11D3-BF4B-00C04F79EFBC}") = "Application.Infrastructure", "Infrastructure\Application.Infrastructure\Application.Infrastructure.csproj", "{67B1B9FE-0244-4C05-9CA0-3A8DB2AE9856}"
EndProject
Project("{FAE04EC0-301F-11D3-BF4B-00C04F79EFBC}") = "Application.Application.Tests", "..\Tests\Application.Application.Tests\Application.Application.Tests.csproj", "{21F5D3E3-2BA4-4359-87FE-495C9029C50A}"
EndProject
Global
	GlobalSection(SolutionConfigurationPlatforms) = preSolution
		Debug|Any CPU = Debug|Any CPU
		Release|Any CPU = Release|Any CPU
	EndGlobalSection
	GlobalSection(ProjectConfigurationPlatforms) = postSolution
		{3933FF7B-E1E5-47A1-BE14-E905A9D7370B}.Debug|Any CPU.ActiveCfg = Debug|Any CPU
		{3933FF7B-E1E5-47A1-BE14-E905A9D7370B}.Debug|Any CPU.Build.0 = Debug|Any CPU
		{3933FF7B-E1E5-47A1-BE14-E905A9D7370B}.Release|Any CPU.ActiveCfg = Release|Any CPU
		{3933FF7B-E1E5-47A1-BE14-E905A9D7370B}.Release|Any CPU.Build.0 = Release|Any CPU
		{52F22596-6A79-4625-88AF-6ECA28F9D8CA}.Debug|Any CPU.ActiveCfg = Debug|Any CPU
		{52F22596-6A79-4625-88AF-6ECA28F9D8CA}.Debug|Any CPU.Build.0 = Debug|Any CPU
		{52F22596-6A79-4625-88AF-6ECA28F9D8CA}.Release|Any CPU.ActiveCfg = Release|Any CPU
		{52F22596-6A79-4625-88AF-6ECA28F9D8CA}.Release|Any CPU.Build.0 = Release|Any CPU
		{6130A5CD-66F3-4B2E-AA73-FCED5A8BA8A3}.Debug|Any CPU.ActiveCfg = Debug|Any CPU
		{6130A5CD-66F3-4B2E-AA73-FCED5A8BA8A3}.Debug|Any CPU.Build.0 = Debug|Any CPU
		{6130A5CD-66F3-4B2E-AA73-FCED5A8BA8A3}.Release|Any CPU.ActiveCfg = Release|Any CPU
		{6130A5CD-66F3-4B2E-AA73-FCED5A8BA8A3}.Release|Any CPU.Build.0 = Release|Any CPU
		{55E280A7-E67A-40D8-8D4C-5298B1C0F352}.Debug|Any CPU.ActiveCfg = Debug|Any CPU
		{55E280A7-E67A-40D8-8D4C-5298B1C0F352}.Debug|Any CPU.Build.0 = Debug|Any CPU
		{55E280A7-E67A-40D8-8D4C-5298B1C0F352}.Release|Any CPU.ActiveCfg = Release|Any CPU
		{55E280A7-E67A-40D8-8D4C-5298B1C0F352}.Release|Any CPU.Build.0 = Release|Any CPU
		{B4533C17-C149-409C-B7A0-11A4E4CF04B2}.Debug|Any CPU.ActiveCfg = Debug|Any CPU
		{B4533C17-C149-409C-B7A0-11A4E4CF04B2}.Debug|Any CPU.Build.0 = Debug|Any CPU
		{B4533C17-C149-409C-B7A0-11A4E4CF04B2}.Release|Any CPU.ActiveCfg = Release|Any CPU
		{B4533C17-C149-409C-B7A0-11A4E4CF04B2}.Release|Any CPU.Build.0 = Release|Any CPU
		{67B1B9FE-0244-4C05-9CA0-3A8DB2AE9856}.Debug|Any CPU.ActiveCfg = Debug|Any CPU
		{67B1B9FE-0244-4C05-9CA0-3A8DB2AE9856}.Debug|Any CPU.Build.0 = Debug|Any CPU
		{67B1B9FE-0244-4C05-9CA0-3A8DB2AE9856}.Release|Any CPU.ActiveCfg = Release|Any CPU
		{67B1B9FE-0244-4C05-9CA0-3A8DB2AE9856}.Release|Any CPU.Build.0 = Release|Any CPU
		{21F5D3E3-2BA4-4359-87FE-495C9029C50A}.Debug|Any CPU.ActiveCfg = Debug|Any CPU
		{21F5D3E3-2BA4-4359-87FE-495C9029C50A}.Debug|Any CPU.Build.0 = Debug|Any CPU
		{21F5D3E3-2BA4-4359-87FE-495C9029C50A}.Release|Any CPU.ActiveCfg = Release|Any CPU
		{21F5D3E3-2BA4-4359-87FE-495C9029C50A}.Release|Any CPU.Build.0 = Release|Any CPU
	EndGlobalSection
	GlobalSection(SolutionProperties) = preSolution
		HideSolutionNode = FALSE
	EndGlobalSection
	GlobalSection(NestedProjects) = preSolution
		{3933FF7B-E1E5-47A1-BE14-E905A9D7370B} = {7DED823F-E9EE-42B0-BC55-355D68B944F0}
		{52F22596-6A79-4625-88AF-6ECA28F9D8CA} = {5B164F64-273F-424C-B5D5-01B91612B980}
		{6130A5CD-66F3-4B2E-AA73-FCED5A8BA8A3} = {AF1EBDF1-C653-4143-B361-6DED7D23DA18}
		{55E280A7-E67A-40D8-8D4C-5298B1C0F352} = {AF1EBDF1-C653-4143-B361-6DED7D23DA18}
		{B4533C17-C149-409C-B7A0-11A4E4CF04B2} = {7D44A4C5-DCCD-44F9-969F-6BAEA7932CDA}
		{67B1B9FE-0244-4C05-9CA0-3A8DB2AE9856} = {7D44A4C5-DCCD-44F9-969F-6BAEA7932CDA}
		{21F5D3E3-2BA4-4359-87FE-495C9029C50A} = {3248BF1E-5EA5-4C3E-8C22-158F15785555}
	EndGlobalSection
	GlobalSection(ExtensibilityGlobals) = postSolution
		SolutionGuid = {2CA1336C-3A87-4CA2-8394-CF1E56E41DFE}
	EndGlobalSection
EndGlobal
